// !$*UTF8*$!
{
	archiveVersion = 1;
	classes = {
	};
	objectVersion = 46;
	objects = {

/* Begin PBXBuildFile section */
		047FA2B31A920A60006D7167 /* AppDelegate.swift in Sources */ = {isa = PBXBuildFile; fileRef = 047FA2B21A920A60006D7167 /* AppDelegate.swift */; };
		047FA2B51A920A60006D7167 /* ViewController.swift in Sources */ = {isa = PBXBuildFile; fileRef = 047FA2B41A920A60006D7167 /* ViewController.swift */; };
		047FA2B81A920A60006D7167 /* Main.storyboard in Resources */ = {isa = PBXBuildFile; fileRef = 047FA2B61A920A60006D7167 /* Main.storyboard */; };
		047FA2BA1A920A60006D7167 /* Images.xcassets in Resources */ = {isa = PBXBuildFile; fileRef = 047FA2B91A920A60006D7167 /* Images.xcassets */; };
		047FA2BD1A920A60006D7167 /* LaunchScreen.xib in Resources */ = {isa = PBXBuildFile; fileRef = 047FA2BB1A920A60006D7167 /* LaunchScreen.xib */; };
		047FA2D51A920B1C006D7167 /* EMPartialModalViewController.swift in Sources */ = {isa = PBXBuildFile; fileRef = 047FA2D41A920B1C006D7167 /* EMPartialModalViewController.swift */; };
		047FA2DB1A921038006D7167 /* SecondaryViewController.swift in Sources */ = {isa = PBXBuildFile; fileRef = 047FA2DA1A921038006D7167 /* SecondaryViewController.swift */; };
		047FA2DD1A921379006D7167 /* PrimaryViewController.swift in Sources */ = {isa = PBXBuildFile; fileRef = 047FA2DC1A921379006D7167 /* PrimaryViewController.swift */; };
/* End PBXBuildFile section */

/* Begin PBXFileReference section */
		047FA2AD1A920A60006D7167 /* EMPartialModalViewController.app */ = {isa = PBXFileReference; explicitFileType = wrapper.application; includeInIndex = 0; path = EMPartialModalViewController.app; sourceTree = BUILT_PRODUCTS_DIR; };
		047FA2B11A920A60006D7167 /* Info.plist */ = {isa = PBXFileReference; lastKnownFileType = text.plist.xml; path = Info.plist; sourceTree = "<group>"; };
		047FA2B21A920A60006D7167 /* AppDelegate.swift */ = {isa = PBXFileReference; lastKnownFileType = sourcecode.swift; path = AppDelegate.swift; sourceTree = "<group>"; };
		047FA2B41A920A60006D7167 /* ViewController.swift */ = {isa = PBXFileReference; lastKnownFileType = sourcecode.swift; path = ViewController.swift; sourceTree = "<group>"; };
		047FA2B71A920A60006D7167 /* Base */ = {isa = PBXFileReference; lastKnownFileType = file.storyboard; name = Base; path = Base.lproj/Main.storyboard; sourceTree = "<group>"; };
		047FA2B91A920A60006D7167 /* Images.xcassets */ = {isa = PBXFileReference; lastKnownFileType = folder.assetcatalog; path = Images.xcassets; sourceTree = "<group>"; };
		047FA2BC1A920A60006D7167 /* Base */ = {isa = PBXFileReference; lastKnownFileType = file.xib; name = Base; path = Base.lproj/LaunchScreen.xib; sourceTree = "<group>"; };
		047FA2D41A920B1C006D7167 /* EMPartialModalViewController.swift */ = {isa = PBXFileReference; fileEncoding = 4; lastKnownFileType = sourcecode.swift; path = EMPartialModalViewController.swift; sourceTree = "<group>"; };
		047FA2DA1A921038006D7167 /* SecondaryViewController.swift */ = {isa = PBXFileReference; fileEncoding = 4; lastKnownFileType = sourcecode.swift; path = SecondaryViewController.swift; sourceTree = "<group>"; };
		047FA2DC1A921379006D7167 /* PrimaryViewController.swift */ = {isa = PBXFileReference; fileEncoding = 4; lastKnownFileType = sourcecode.swift; path = PrimaryViewController.swift; sourceTree = "<group>"; };
/* End PBXFileReference section */

/* Begin PBXFrameworksBuildPhase section */
		047FA2AA1A920A60006D7167 /* Frameworks */ = {
			isa = PBXFrameworksBuildPhase;
			buildActionMask = 2147483647;
			files = (
			);
			runOnlyForDeploymentPostprocessing = 0;
		};
/* End PBXFrameworksBuildPhase section */

/* Begin PBXGroup section */
		047FA2A41A920A60006D7167 = {
			isa = PBXGroup;
			children = (
				047FA2D31A920B1C006D7167 /* EMPartialModalViewController */,
				047FA2AF1A920A60006D7167 /* EMPartialModalViewControllerExample */,
				047FA2AE1A920A60006D7167 /* Products */,
			);
			sourceTree = "<group>";
		};
		047FA2AE1A920A60006D7167 /* Products */ = {
			isa = PBXGroup;
			children = (
				047FA2AD1A920A60006D7167 /* EMPartialModalViewController.app */,
			);
			name = Products;
			sourceTree = "<group>";
		};
		047FA2AF1A920A60006D7167 /* EMPartialModalViewControllerExample */ = {
			isa = PBXGroup;
			children = (
				047FA2B21A920A60006D7167 /* AppDelegate.swift */,
				047FA2B41A920A60006D7167 /* ViewController.swift */,
				047FA2DC1A921379006D7167 /* PrimaryViewController.swift */,
				047FA2DA1A921038006D7167 /* SecondaryViewController.swift */,
				047FA2B61A920A60006D7167 /* Main.storyboard */,
				047FA2B91A920A60006D7167 /* Images.xcassets */,
				047FA2BB1A920A60006D7167 /* LaunchScreen.xib */,
				047FA2B01A920A60006D7167 /* Supporting Files */,
			);
			name = EMPartialModalViewControllerExample;
			path = EMPartialModalViewController;
			sourceTree = "<group>";
		};
		047FA2B01A920A60006D7167 /* Supporting Files */ = {
			isa = PBXGroup;
			children = (
				047FA2B11A920A60006D7167 /* Info.plist */,
			);
			name = "Supporting Files";
			sourceTree = "<group>";
		};
		047FA2D31A920B1C006D7167 /* EMPartialModalViewController */ = {
			isa = PBXGroup;
			children = (
				047FA2D41A920B1C006D7167 /* EMPartialModalViewController.swift */,
			);
			name = EMPartialModalViewController;
			path = ../EMPartialModalViewController;
			sourceTree = "<group>";
		};
/* End PBXGroup section */

/* Begin PBXNativeTarget section */
		047FA2AC1A920A60006D7167 /* EMPartialModalViewController */ = {
			isa = PBXNativeTarget;
			buildConfigurationList = 047FA2CC1A920A60006D7167 /* Build configuration list for PBXNativeTarget "EMPartialModalViewController" */;
			buildPhases = (
				047FA2A91A920A60006D7167 /* Sources */,
				047FA2AA1A920A60006D7167 /* Frameworks */,
				047FA2AB1A920A60006D7167 /* Resources */,
			);
			buildRules = (
			);
			dependencies = (
			);
			name = EMPartialModalViewController;
			productName = EMPartialModalViewController;
			productReference = 047FA2AD1A920A60006D7167 /* EMPartialModalViewController.app */;
			productType = "com.apple.product-type.application";
		};
/* End PBXNativeTarget section */

/* Begin PBXProject section */
		047FA2A51A920A60006D7167 /* Project object */ = {
			isa = PBXProject;
			attributes = {
				LastUpgradeCheck = 0610;
				ORGANIZATIONNAME = "Emad A.";
				TargetAttributes = {
					047FA2AC1A920A60006D7167 = {
						CreatedOnToolsVersion = 6.1.1;
					};
				};
			};
			buildConfigurationList = 047FA2A81A920A60006D7167 /* Build configuration list for PBXProject "EMPartialModalViewController" */;
			compatibilityVersion = "Xcode 3.2";
			developmentRegion = English;
			hasScannedForEncodings = 0;
			knownRegions = (
				en,
				Base,
			);
			mainGroup = 047FA2A41A920A60006D7167;
			productRefGroup = 047FA2AE1A920A60006D7167 /* Products */;
			projectDirPath = "";
			projectRoot = "";
			targets = (
				047FA2AC1A920A60006D7167 /* EMPartialModalViewController */,
			);
		};
/* End PBXProject section */

/* Begin PBXResourcesBuildPhase section */
		047FA2AB1A920A60006D7167 /* Resources */ = {
			isa = PBXResourcesBuildPhase;
			buildActionMask = 2147483647;
			files = (
				047FA2B81A920A60006D7167 /* Main.storyboard in Resources */,
				047FA2BD1A920A60006D7167 /* LaunchScreen.xib in Resources */,
				047FA2BA1A920A60006D7167 /* Images.xcassets in Resources */,
			);
			runOnlyForDeploymentPostprocessing = 0;
		};
/* End PBXResourcesBuildPhase section */

/* Begin PBXSourcesBuildPhase section */
		047FA2A91A920A60006D7167 /* Sources */ = {
			isa = PBXSourcesBuildPhase;
			buildActionMask = 2147483647;
			files = (
				047FA2D51A920B1C006D7167 /* EMPartialModalViewController.swift in Sources */,
				047FA2B51A920A60006D7167 /* ViewController.swift in Sources */,
				047FA2B31A920A60006D7167 /* AppDelegate.swift in Sources */,
				047FA2DD1A921379006D7167 /* PrimaryViewController.swift in Sources */,
				047FA2DB1A921038006D7167 /* SecondaryViewController.swift in Sources */,
			);
			runOnlyForDeploymentPostprocessing = 0;
		};
/* End PBXSourcesBuildPhase section */

/* Begin PBXVariantGroup section */
		047FA2B61A920A60006D7167 /* Main.storyboard */ = {
			isa = PBXVariantGroup;
			children = (
				047FA2B71A920A60006D7167 /* Base */,
			);
			name = Main.storyboard;
			sourceTree = "<group>";
		};
		047FA2BB1A920A60006D7167 /* LaunchScreen.xib */ = {
			isa = PBXVariantGroup;
			children = (
				047FA2BC1A920A60006D7167 /* Base */,
			);
			name = LaunchScreen.xib;
			sourceTree = "<group>";
		};
/* End PBXVariantGroup section */

/* Begin XCBuildConfiguration section */
		047FA2CA1A920A60006D7167 /* Debug */ = {
			isa = XCBuildConfiguration;
			buildSettings = {
				ALWAYS_SEARCH_USER_PATHS = NO;
				CLANG_CXX_LANGUAGE_STANDARD = "gnu++0x";
				CLANG_CXX_LIBRARY = "libc++";
				CLANG_ENABLE_MODULES = YES;
				CLANG_ENABLE_OBJC_ARC = YES;
				CLANG_WARN_BOOL_CONVERSION = YES;
				CLANG_WARN_CONSTANT_CONVERSION = YES;
				CLANG_WARN_DIRECT_OBJC_ISA_USAGE = YES_ERROR;
				CLANG_WARN_EMPTY_BODY = YES;
				CLANG_WARN_ENUM_CONVERSION = YES;
				CLANG_WARN_INT_CONVERSION = YES;
				CLANG_WARN_OBJC_ROOT_CLASS = YES_ERROR;
				CLANG_WARN_UNREACHABLE_CODE = YES;
				CLANG_WARN__DUPLICATE_METHOD_MATCH = YES;
				"CODE_SIGN_IDENTITY[sdk=iphoneos*]" = "iPhone Developer";
				COPY_PHASE_STRIP = NO;
				ENABLE_STRICT_OBJC_MSGSEND = YES;
				GCC_C_LANGUAGE_STANDARD = gnu99;
				GCC_DYNAMIC_NO_PIC = NO;
				GCC_OPTIMIZATION_LEVEL = 0;
				GCC_PREPROCESSOR_DEFINITIONS = (
					"DEBUG=1",
					"$(inherited)",
				);
				GCC_SYMBOLS_PRIVATE_EXTERN = NO;
				GCC_WARN_64_TO_32_BIT_CONVERSION = YES;
				GCC_WARN_ABOUT_RETURN_TYPE = YES_ERROR;
				GCC_WARN_UNDECLARED_SELECTOR = YES;
				GCC_WARN_UNINITIALIZED_AUTOS = YES_AGGRESSIVE;
				GCC_WARN_UNUSED_FUNCTION = YES;
				GCC_WARN_UNUSED_VARIABLE = YES;
				IPHONEOS_DEPLOYMENT_TARGET = 8.1;
				MTL_ENABLE_DEBUG_INFO = YES;
				ONLY_ACTIVE_ARCH = YES;
				SDKROOT = iphoneos;
				SWIFT_OPTIMIZATION_LEVEL = "-Onone";
			};
			name = Debug;
		};
		047FA2CB1A920A60006D7167 /* Release */ = {
			isa = XCBuildConfiguration;
			buildSettings = {
				ALWAYS_SEARCH_USER_PATHS = NO;
				CLANG_CXX_LANGUAGE_STANDARD = "gnu++0x";
				CLANG_CXX_LIBRARY = "libc++";
				CLANG_ENABLE_MODULES = YES;
				CLANG_ENABLE_OBJC_ARC = YES;
				CLANG_WARN_BOOL_CONVERSION = YES;
				CLANG_WARN_CONSTANT_CONVERSION = YES;
				CLANG_WARN_DIRECT_OBJC_ISA_USAGE = YES_ERROR;
				CLANG_WARN_EMPTY_BODY = YES;
				CLANG_WARN_ENUM_CONVERSION = YES;
				CLANG_WARN_INT_CONVERSION = YES;
				CLANG_WARN_OBJC_ROOT_CLASS = YES_ERROR;
				CLANG_WARN_UNREACHABLE_CODE = YES;
				CLANG_WARN__DUPLICATE_METHOD_MATCH = YES;
				"CODE_SIGN_IDENTITY[sdk=iphoneos*]" = "iPhone Developer";
				COPY_PHASE_STRIP = YES;
				ENABLE_NS_ASSERTIONS = NO;
				ENABLE_STRICT_OBJC_MSGSEND = YES;
				GCC_C_LANGUAGE_STANDARD = gnu99;
				GCC_WARN_64_TO_32_BIT_CONVERSION = YES;
				GCC_WARN_ABOUT_RETURN_TYPE = YES_ERROR;
				GCC_WARN_UNDECLARED_SELECTOR = YES;
				GCC_WARN_UNINITIALIZED_AUTOS = YES_AGGRESSIVE;
				GCC_WARN_UNUSED_FUNCTION = YES;
				GCC_WARN_UNUSED_VARIABLE = YES;
				IPHONEOS_DEPLOYMENT_TARGET = 8.1;
				MTL_ENABLE_DEBUG_INFO = NO;
				SDKROOT = iphoneos;
				VALIDATE_PRODUCT = YES;
			};
			name = Release;
		};
		047FA2CD1A920A60006D7167 /* Debug */ = {
			isa = XCBuildConfiguration;
			buildSettings = {
				ASSETCATALOG_COMPILER_APPICON_NAME = AppIcon;
				INFOPLIST_FILE = EMPartialModalViewController/Info.plist;
				LD_RUNPATH_SEARCH_PATHS = "$(inherited) @executable_path/Frameworks";
				PRODUCT_NAME = "$(TARGET_NAME)";
			};
			name = Debug;
		};
		047FA2CE1A920A60006D7167 /* Release */ = {
			isa = XCBuildConfiguration;
			buildSettings = {
				ASSETCATALOG_COMPILER_APPICON_NAME = AppIcon;
				INFOPLIST_FILE = EMPartialModalViewController/Info.plist;
				LD_RUNPATH_SEARCH_PATHS = "$(inherited) @executable_path/Frameworks";
				PRODUCT_NAME = "$(TARGET_NAME)";
			};
			name = Release;
		};
/* End XCBuildConfiguration section */

/* Begin XCConfigurationList section */
		047FA2A81A920A60006D7167 /* Build configuration list for PBXProject "EMPartialModalViewController" */ = {
			isa = XCConfigurationList;
			buildConfigurations = (
				047FA2CA1A920A60006D7167 /* Debug */,
				047FA2CB1A920A60006D7167 /* Release */,
			);
			defaultConfigurationIsVisible = 0;
			defaultConfigurationName = Release;
		};
		047FA2CC1A920A60006D7167 /* Build configuration list for PBXNativeTarget "EMPartialModalViewController" */ = {
			isa = XCConfigurationList;
			buildConfigurations = (
				047FA2CD1A920A60006D7167 /* Debug */,
				047FA2CE1A920A60006D7167 /* Release */,
			);
			defaultConfigurationIsVisible = 0;
			defaultConfigurationName = Release;
		};
/* End XCConfigurationList section */
	};
	rootObject = 047FA2A51A920A60006D7167 /* Project object */;
}
